
Microsoft Visual Studio Solution File, Format Version 12.00
# Visual Studio 15
VisualStudioVersion = 15.0.28010.2046
MinimumVisualStudioVersion = 10.0.40219.1
Project("{FAE04EC0-301F-11D3-BF4B-00C04F79EFBC}") = "Lab 5", "Lab 5\Lab 5.csproj", "{7176FDD2-69A5-4568-A7B7-5028D4D648EC}"
EndProject
Global
	GlobalSection(SolutionConfigurationPlatforms) = preSolution
		Debug|Any CPU = Debug|Any CPU
		Release|Any CPU = Release|Any CPU
	EndGlobalSection
	GlobalSection(ProjectConfigurationPlatforms) = postSolution
		{7176FDD2-69A5-4568-A7B7-5028D4D648EC}.Debug|Any CPU.ActiveCfg = Debug|Any CPU
		{7176FDD2-69A5-4568-A7B7-5028D4D648EC}.Debug|Any CPU.Build.0 = Debug|Any CPU
		{7176FDD2-69A5-4568-A7B7-5028D4D648EC}.Release|Any CPU.ActiveCfg = Release|Any CPU
		{7176FDD2-69A5-4568-A7B7-5028D4D648EC}.Release|Any CPU.Build.0 = Release|Any CPU
	EndGlobalSection
	GlobalSection(SolutionProperties) = preSolution
		HideSolutionNode = FALSE
	EndGlobalSection
	GlobalSection(ExtensibilityGlobals) = postSolution
		SolutionGuid = {F10746F0-1293-4543-90B8-A0BEDE672B9B}
	EndGlobalSection
EndGlobal
